
Microsoft Visual Studio Solution File, Format Version 12.00
# Visual Studio 14
VisualStudioVersion = 14.0.25123.0
MinimumVisualStudioVersion = 10.0.40219.1
Project("{2150E333-8FDC-42A3-9474-1A3956D46DE8}") = "Libraries", "Libraries", "{FA649AA4-6B39-4A02-BD79-33808398EAB4}"
EndProject
Project("{2150E333-8FDC-42A3-9474-1A3956D46DE8}") = "WebApplication", "WebApplication", "{A2CE4F3E-8680-49BD-9E26-1E3EB44428BF}"
EndProject
Project("{2150E333-8FDC-42A3-9474-1A3956D46DE8}") = "Common", "Common", "{1FC1E89D-9943-4915-A5D3-C9C4DEFA9727}"
EndProject
Project("{FAE04EC0-301F-11D3-BF4B-00C04F79EFBC}") = "Lahar.Integration", "Lahar.Integration\Lahar.Integration.csproj", "{09A8B4BE-496B-49DF-87E5-86C3441DD6B6}"
EndProject
Global
	GlobalSection(SolutionConfigurationPlatforms) = preSolution
		Debug|Any CPU = Debug|Any CPU
		Release|Any CPU = Release|Any CPU
	EndGlobalSection
	GlobalSection(ProjectConfigurationPlatforms) = postSolution
		{09A8B4BE-496B-49DF-87E5-86C3441DD6B6}.Debug|Any CPU.ActiveCfg = Debug|Any CPU
		{09A8B4BE-496B-49DF-87E5-86C3441DD6B6}.Debug|Any CPU.Build.0 = Debug|Any CPU
		{09A8B4BE-496B-49DF-87E5-86C3441DD6B6}.Release|Any CPU.ActiveCfg = Release|Any CPU
		{09A8B4BE-496B-49DF-87E5-86C3441DD6B6}.Release|Any CPU.Build.0 = Release|Any CPU
	EndGlobalSection
	GlobalSection(SolutionProperties) = preSolution
		HideSolutionNode = FALSE
	EndGlobalSection
	GlobalSection(NestedProjects) = preSolution
		{1FC1E89D-9943-4915-A5D3-C9C4DEFA9727} = {FA649AA4-6B39-4A02-BD79-33808398EAB4}
		{09A8B4BE-496B-49DF-87E5-86C3441DD6B6} = {1FC1E89D-9943-4915-A5D3-C9C4DEFA9727}
	EndGlobalSection
EndGlobal
