
Microsoft Visual Studio Solution File, Format Version 12.00
# Visual Studio 14
VisualStudioVersion = 14.0.25123.0
MinimumVisualStudioVersion = 10.0.40219.1
Project("{2150E333-8FDC-42A3-9474-1A3956D46DE8}") = "Libraries", "Libraries", "{FA649AA4-6B39-4A02-BD79-33808398EAB4}"
EndProject
Project("{2150E333-8FDC-42A3-9474-1A3956D46DE8}") = "WebApplication", "WebApplication", "{A2CE4F3E-8680-49BD-9E26-1E3EB44428BF}"
EndProject
Project("{2150E333-8FDC-42A3-9474-1A3956D46DE8}") = "Common", "Common", "{1FC1E89D-9943-4915-A5D3-C9C4DEFA9727}"
EndProject
Project("{FAE04EC0-301F-11D3-BF4B-00C04F79EFBC}") = "Lahar.Integration", "Lahar.Integration\Lahar.Integration.csproj", "{09A8B4BE-496B-49DF-87E5-86C3441DD6B6}"
EndProject
Project("{FAE04EC0-301F-11D3-BF4B-00C04F79EFBC}") = "Provider", "Provider\Provider.csproj", "{EE2E1949-6ECD-4390-AB7C-B1097EFBD09D}"
EndProject
Project("{2150E333-8FDC-42A3-9474-1A3956D46DE8}") = "Foundation", "Foundation", "{2812CDF1-44FE-4125-BE60-8D44DF79D6D4}"
EndProject
Project("{FAE04EC0-301F-11D3-BF4B-00C04F79EFBC}") = "LogService", "LogService\LogService.csproj", "{6B39F88B-F35E-4979-9713-42FA2325F35B}"
EndProject
Project("{FAE04EC0-301F-11D3-BF4B-00C04F79EFBC}") = "MyWebSiteMVC", "MyWebSiteMVC\MyWebSiteMVC.csproj", "{8CD9E532-F095-460E-85ED-44A134F4C3F4}"
EndProject
Global
	GlobalSection(SolutionConfigurationPlatforms) = preSolution
		Debug|Any CPU = Debug|Any CPU
		Release|Any CPU = Release|Any CPU
	EndGlobalSection
	GlobalSection(ProjectConfigurationPlatforms) = postSolution
		{09A8B4BE-496B-49DF-87E5-86C3441DD6B6}.Debug|Any CPU.ActiveCfg = Debug|Any CPU
		{09A8B4BE-496B-49DF-87E5-86C3441DD6B6}.Debug|Any CPU.Build.0 = Debug|Any CPU
		{09A8B4BE-496B-49DF-87E5-86C3441DD6B6}.Release|Any CPU.ActiveCfg = Release|Any CPU
		{09A8B4BE-496B-49DF-87E5-86C3441DD6B6}.Release|Any CPU.Build.0 = Release|Any CPU
		{EE2E1949-6ECD-4390-AB7C-B1097EFBD09D}.Debug|Any CPU.ActiveCfg = Debug|Any CPU
		{EE2E1949-6ECD-4390-AB7C-B1097EFBD09D}.Debug|Any CPU.Build.0 = Debug|Any CPU
		{EE2E1949-6ECD-4390-AB7C-B1097EFBD09D}.Release|Any CPU.ActiveCfg = Release|Any CPU
		{EE2E1949-6ECD-4390-AB7C-B1097EFBD09D}.Release|Any CPU.Build.0 = Release|Any CPU
		{6B39F88B-F35E-4979-9713-42FA2325F35B}.Debug|Any CPU.ActiveCfg = Debug|Any CPU
		{6B39F88B-F35E-4979-9713-42FA2325F35B}.Debug|Any CPU.Build.0 = Debug|Any CPU
		{6B39F88B-F35E-4979-9713-42FA2325F35B}.Release|Any CPU.ActiveCfg = Release|Any CPU
		{6B39F88B-F35E-4979-9713-42FA2325F35B}.Release|Any CPU.Build.0 = Release|Any CPU
		{8CD9E532-F095-460E-85ED-44A134F4C3F4}.Debug|Any CPU.ActiveCfg = Debug|Any CPU
		{8CD9E532-F095-460E-85ED-44A134F4C3F4}.Debug|Any CPU.Build.0 = Debug|Any CPU
		{8CD9E532-F095-460E-85ED-44A134F4C3F4}.Release|Any CPU.ActiveCfg = Release|Any CPU
		{8CD9E532-F095-460E-85ED-44A134F4C3F4}.Release|Any CPU.Build.0 = Release|Any CPU
	EndGlobalSection
	GlobalSection(SolutionProperties) = preSolution
		HideSolutionNode = FALSE
	EndGlobalSection
	GlobalSection(NestedProjects) = preSolution
		{1FC1E89D-9943-4915-A5D3-C9C4DEFA9727} = {FA649AA4-6B39-4A02-BD79-33808398EAB4}
		{09A8B4BE-496B-49DF-87E5-86C3441DD6B6} = {2812CDF1-44FE-4125-BE60-8D44DF79D6D4}
		{EE2E1949-6ECD-4390-AB7C-B1097EFBD09D} = {1FC1E89D-9943-4915-A5D3-C9C4DEFA9727}
		{2812CDF1-44FE-4125-BE60-8D44DF79D6D4} = {FA649AA4-6B39-4A02-BD79-33808398EAB4}
		{6B39F88B-F35E-4979-9713-42FA2325F35B} = {1FC1E89D-9943-4915-A5D3-C9C4DEFA9727}
		{8CD9E532-F095-460E-85ED-44A134F4C3F4} = {A2CE4F3E-8680-49BD-9E26-1E3EB44428BF}
	EndGlobalSection
EndGlobal
